
Microsoft Visual Studio Solution File, Format Version 12.00
# Visual Studio Version 17
VisualStudioVersion = 17.4.33205.214
MinimumVisualStudioVersion = 10.0.40219.1
Project("{8BC9CEB8-8B4A-11D0-8D11-00A0C91BC942}") = "21.02.2023", "21.02.2023.vcxproj", "{1ED7C51E-A831-4CDD-9E1A-9014B55FD8A6}"
EndProject
Global
	GlobalSection(SolutionConfigurationPlatforms) = preSolution
		Debug|x64 = Debug|x64
		Debug|x86 = Debug|x86
		Release|x64 = Release|x64
		Release|x86 = Release|x86
	EndGlobalSection
	GlobalSection(ProjectConfigurationPlatforms) = postSolution
		{1ED7C51E-A831-4CDD-9E1A-9014B55FD8A6}.Debug|x64.ActiveCfg = Debug|x64
		{1ED7C51E-A831-4CDD-9E1A-9014B55FD8A6}.Debug|x64.Build.0 = Debug|x64
		{1ED7C51E-A831-4CDD-9E1A-9014B55FD8A6}.Debug|x86.ActiveCfg = Debug|Win32
		{1ED7C51E-A831-4CDD-9E1A-9014B55FD8A6}.Debug|x86.Build.0 = Debug|Win32
		{1ED7C51E-A831-4CDD-9E1A-9014B55FD8A6}.Release|x64.ActiveCfg = Release|x64
		{1ED7C51E-A831-4CDD-9E1A-9014B55FD8A6}.Release|x64.Build.0 = Release|x64
		{1ED7C51E-A831-4CDD-9E1A-9014B55FD8A6}.Release|x86.ActiveCfg = Release|Win32
		{1ED7C51E-A831-4CDD-9E1A-9014B55FD8A6}.Release|x86.Build.0 = Release|Win32
	EndGlobalSection
	GlobalSection(SolutionProperties) = preSolution
		HideSolutionNode = FALSE
	EndGlobalSection
	GlobalSection(ExtensibilityGlobals) = postSolution
		SolutionGuid = {262D1A3B-28EA-4C5A-AE81-B568F95E8AE3}
	EndGlobalSection
EndGlobal
